// !$*UTF8*$!
{
	archiveVersion = 1;
	classes = {
	};
	objectVersion = 45;
	objects = {

/* Begin PBXAggregateTarget section */
		266B571A1231162B00D0741F /* Documentation */ = {
			isa = PBXAggregateTarget;
			buildConfigurationList = 266B571F1231166C00D0741F /* Build configuration list for PBXAggregateTarget "Documentation" */;
			buildPhases = (
				266B57191231162B00D0741F /* ShellScript */,
			);
			dependencies = (
			);
			name = Documentation;
			productName = "Build Documentation";
		};
/* End PBXAggregateTarget section */

/* Begin PBXBuildFile section */
		1DDD582C0DA1D0D100B32029 /* SieveDocument.xib in Resources */ = {isa = PBXBuildFile; fileRef = 1DDD58280DA1D0D100B32029 /* SieveDocument.xib */; };
		1DDD582D0DA1D0D100B32029 /* MainMenu.xib in Resources */ = {isa = PBXBuildFile; fileRef = 1DDD582A0DA1D0D100B32029 /* MainMenu.xib */; };
		2639EA9F120F74490023F625 /* libsasl2.dylib in Frameworks */ = {isa = PBXBuildFile; fileRef = 2639EA9E120F74490023F625 /* libsasl2.dylib */; };
		264084B21213FD61004F42BB /* SieveOperation.m in Sources */ = {isa = PBXBuildFile; fileRef = 264084B11213FD61004F42BB /* SieveOperation.m */; };
		26458ED7121D70710067CE01 /* PasswordPanelController.m in Sources */ = {isa = PBXBuildFile; fileRef = 26458ED6121D70710067CE01 /* PasswordPanelController.m */; };
		26458EE4121D73EC0067CE01 /* PasswordWindow.xib in Resources */ = {isa = PBXBuildFile; fileRef = 26458EE3121D73EC0067CE01 /* PasswordWindow.xib */; };
		264F95AD121E8C540037167B /* SieveDocumentController.m in Sources */ = {isa = PBXBuildFile; fileRef = 264F95AC121E8C540037167B /* SieveDocumentController.m */; };
		2659699512153CC10050A913 /* Security.framework in Frameworks */ = {isa = PBXBuildFile; fileRef = 2659699412153CC10050A913 /* Security.framework */; };
		266A9209122CF6CF00FD32A3 /* PSMTabStyleBase.m in Sources */ = {isa = PBXBuildFile; fileRef = 266A9208122CF6CF00FD32A3 /* PSMTabStyleBase.m */; };
		266B56DE1231112900D0741F /* SieveTest.m in Sources */ = {isa = PBXBuildFile; fileRef = 26F2B0A612129B2600458B80 /* SieveTest.m */; };
		266B56E11231113800D0741F /* TestSieveTest.m in Sources */ = {isa = PBXBuildFile; fileRef = 266B56E01231113800D0741F /* TestSieveTest.m */; };
		266D7C87121C14A700DFA1F4 /* SaveToServerPanelController.m in Sources */ = {isa = PBXBuildFile; fileRef = 266D7C86121C14A700DFA1F4 /* SaveToServerPanelController.m */; };
		266D7C8D121C14E900DFA1F4 /* SaveToServerPanel.xib in Resources */ = {isa = PBXBuildFile; fileRef = 266D7C8C121C14E900DFA1F4 /* SaveToServerPanel.xib */; };
		268B28F4121EB0B00046E709 /* ConnectionController.m in Sources */ = {isa = PBXBuildFile; fileRef = 268B28F3121EB0B00046E709 /* ConnectionController.m */; };
		26F2AE121212972C00458B80 /* NSBezierPath_AMShading.m in Sources */ = {isa = PBXBuildFile; fileRef = 26F2ADF21212972C00458B80 /* NSBezierPath_AMShading.m */; };
		26F2AE131212972C00458B80 /* NSString_AITruncation.m in Sources */ = {isa = PBXBuildFile; fileRef = 26F2ADF41212972C00458B80 /* NSString_AITruncation.m */; };
		26F2AE141212972C00458B80 /* PSMAdiumTabStyle.m in Sources */ = {isa = PBXBuildFile; fileRef = 26F2ADF61212972C00458B80 /* PSMAdiumTabStyle.m */; };
		26F2AE151212972C00458B80 /* PSMAquaTabStyle.m in Sources */ = {isa = PBXBuildFile; fileRef = 26F2ADF81212972C00458B80 /* PSMAquaTabStyle.m */; };
		26F2AE161212972C00458B80 /* PSMMetalTabStyle.m in Sources */ = {isa = PBXBuildFile; fileRef = 26F2ADFA1212972C00458B80 /* PSMMetalTabStyle.m */; };
		26F2AE171212972C00458B80 /* PSMOverflowPopUpButton.m in Sources */ = {isa = PBXBuildFile; fileRef = 26F2ADFC1212972C00458B80 /* PSMOverflowPopUpButton.m */; };
		26F2AE181212972C00458B80 /* PSMProgressIndicator.m in Sources */ = {isa = PBXBuildFile; fileRef = 26F2ADFE1212972C00458B80 /* PSMProgressIndicator.m */; };
		26F2AE191212972C00458B80 /* PSMRolloverButton.m in Sources */ = {isa = PBXBuildFile; fileRef = 26F2AE001212972C00458B80 /* PSMRolloverButton.m */; };
		26F2AE1A1212972C00458B80 /* PSMTabBarCell.m in Sources */ = {isa = PBXBuildFile; fileRef = 26F2AE021212972C00458B80 /* PSMTabBarCell.m */; };
		26F2AE1B1212972C00458B80 /* PSMTabBarControl.m in Sources */ = {isa = PBXBuildFile; fileRef = 26F2AE041212972C00458B80 /* PSMTabBarControl.m */; };
		26F2AE1C1212972C00458B80 /* PSMTabBarController.m in Sources */ = {isa = PBXBuildFile; fileRef = 26F2AE061212972C00458B80 /* PSMTabBarController.m */; };
		26F2AE1D1212972C00458B80 /* PSMTabDragAssistant.m in Sources */ = {isa = PBXBuildFile; fileRef = 26F2AE081212972C00458B80 /* PSMTabDragAssistant.m */; };
		26F2AE1E1212972C00458B80 /* PSMTabDragView.m in Sources */ = {isa = PBXBuildFile; fileRef = 26F2AE0A1212972C00458B80 /* PSMTabDragView.m */; };
		26F2AE1F1212972C00458B80 /* PSMTabDragWindow.m in Sources */ = {isa = PBXBuildFile; fileRef = 26F2AE0C1212972C00458B80 /* PSMTabDragWindow.m */; };
		26F2AE201212972C00458B80 /* PSMTabDragWindowController.m in Sources */ = {isa = PBXBuildFile; fileRef = 26F2AE0E1212972C00458B80 /* PSMTabDragWindowController.m */; };
		26F2AE211212972C00458B80 /* PSMUnifiedTabStyle.m in Sources */ = {isa = PBXBuildFile; fileRef = 26F2AE111212972C00458B80 /* PSMUnifiedTabStyle.m */; };
		26F2AE2E1212981E00458B80 /* Carbon.framework in Frameworks */ = {isa = PBXBuildFile; fileRef = 26F2AE2D1212981E00458B80 /* Carbon.framework */; };
		26F2AE731212992400458B80 /* AdiumGradient.png in Resources */ = {isa = PBXBuildFile; fileRef = 26F2AE571212992400458B80 /* AdiumGradient.png */; };
		26F2AE741212992400458B80 /* AquaTabClose_Front.png in Resources */ = {isa = PBXBuildFile; fileRef = 26F2AE581212992400458B80 /* AquaTabClose_Front.png */; };
		26F2AE751212992400458B80 /* AquaTabClose_Front_Pressed.png in Resources */ = {isa = PBXBuildFile; fileRef = 26F2AE591212992400458B80 /* AquaTabClose_Front_Pressed.png */; };
		26F2AE761212992400458B80 /* AquaTabClose_Front_Rollover.png in Resources */ = {isa = PBXBuildFile; fileRef = 26F2AE5A1212992400458B80 /* AquaTabClose_Front_Rollover.png */; };
		26F2AE771212992400458B80 /* AquaTabCloseDirty_Front.png in Resources */ = {isa = PBXBuildFile; fileRef = 26F2AE5B1212992400458B80 /* AquaTabCloseDirty_Front.png */; };
		26F2AE781212992400458B80 /* AquaTabCloseDirty_Front_Pressed.png in Resources */ = {isa = PBXBuildFile; fileRef = 26F2AE5C1212992400458B80 /* AquaTabCloseDirty_Front_Pressed.png */; };
		26F2AE791212992400458B80 /* AquaTabCloseDirty_Front_Rollover.png in Resources */ = {isa = PBXBuildFile; fileRef = 26F2AE5D1212992400458B80 /* AquaTabCloseDirty_Front_Rollover.png */; };
		26F2AE7A1212992400458B80 /* AquaTabNew.png in Resources */ = {isa = PBXBuildFile; fileRef = 26F2AE5E1212992400458B80 /* AquaTabNew.png */; };
		26F2AE7B1212992400458B80 /* AquaTabNewPressed.png in Resources */ = {isa = PBXBuildFile; fileRef = 26F2AE5F1212992400458B80 /* AquaTabNewPressed.png */; };
		26F2AE7C1212992400458B80 /* AquaTabNewRollover.png in Resources */ = {isa = PBXBuildFile; fileRef = 26F2AE601212992400458B80 /* AquaTabNewRollover.png */; };
		26F2AE7D1212992400458B80 /* AquaTabsBackground.png in Resources */ = {isa = PBXBuildFile; fileRef = 26F2AE611212992400458B80 /* AquaTabsBackground.png */; };
		26F2AE7E1212992400458B80 /* AquaTabsDown.png in Resources */ = {isa = PBXBuildFile; fileRef = 26F2AE621212992400458B80 /* AquaTabsDown.png */; };
		26F2AE7F1212992400458B80 /* AquaTabsDownGraphite.png in Resources */ = {isa = PBXBuildFile; fileRef = 26F2AE631212992400458B80 /* AquaTabsDownGraphite.png */; };
		26F2AE801212992400458B80 /* AquaTabsDownNonKey.png in Resources */ = {isa = PBXBuildFile; fileRef = 26F2AE641212992400458B80 /* AquaTabsDownNonKey.png */; };
		26F2AE811212992400458B80 /* AquaTabsSeparator.png in Resources */ = {isa = PBXBuildFile; fileRef = 26F2AE651212992400458B80 /* AquaTabsSeparator.png */; };
		26F2AE821212992400458B80 /* AquaTabsSeparatorDown.png in Resources */ = {isa = PBXBuildFile; fileRef = 26F2AE661212992400458B80 /* AquaTabsSeparatorDown.png */; };
		26F2AE831212992400458B80 /* overflowImage.png in Resources */ = {isa = PBXBuildFile; fileRef = 26F2AE671212992400458B80 /* overflowImage.png */; };
		26F2AE841212992400458B80 /* overflowImagePressed.png in Resources */ = {isa = PBXBuildFile; fileRef = 26F2AE681212992400458B80 /* overflowImagePressed.png */; };
		26F2AE851212992400458B80 /* pi.png in Resources */ = {isa = PBXBuildFile; fileRef = 26F2AE691212992400458B80 /* pi.png */; };
		26F2AE861212992400458B80 /* TabClose_Dirty.png in Resources */ = {isa = PBXBuildFile; fileRef = 26F2AE6A1212992400458B80 /* TabClose_Dirty.png */; };
		26F2AE871212992400458B80 /* TabClose_Dirty_Pressed.png in Resources */ = {isa = PBXBuildFile; fileRef = 26F2AE6B1212992400458B80 /* TabClose_Dirty_Pressed.png */; };
		26F2AE881212992400458B80 /* TabClose_Dirty_Rollover.png in Resources */ = {isa = PBXBuildFile; fileRef = 26F2AE6C1212992400458B80 /* TabClose_Dirty_Rollover.png */; };
		26F2AE891212992400458B80 /* TabClose_Front.png in Resources */ = {isa = PBXBuildFile; fileRef = 26F2AE6D1212992400458B80 /* TabClose_Front.png */; };
		26F2AE8A1212992400458B80 /* TabClose_Front_Pressed.png in Resources */ = {isa = PBXBuildFile; fileRef = 26F2AE6E1212992400458B80 /* TabClose_Front_Pressed.png */; };
		26F2AE8B1212992400458B80 /* TabClose_Front_Rollover.png in Resources */ = {isa = PBXBuildFile; fileRef = 26F2AE6F1212992400458B80 /* TabClose_Front_Rollover.png */; };
		26F2AE8C1212992400458B80 /* TabNewMetal.png in Resources */ = {isa = PBXBuildFile; fileRef = 26F2AE701212992400458B80 /* TabNewMetal.png */; };
		26F2AE8D1212992400458B80 /* TabNewMetalPressed.png in Resources */ = {isa = PBXBuildFile; fileRef = 26F2AE711212992400458B80 /* TabNewMetalPressed.png */; };
		26F2AE8E1212992400458B80 /* TabNewMetalRollover.png in Resources */ = {isa = PBXBuildFile; fileRef = 26F2AE721212992400458B80 /* TabNewMetalRollover.png */; };
		26F2B09112129B1D00458B80 /* AsyncSocket.m in Sources */ = {isa = PBXBuildFile; fileRef = 26F2B09012129B1D00458B80 /* AsyncSocket.m */; };
		26F2B0AA12129B2600458B80 /* SyntaxHighlighter.m in Sources */ = {isa = PBXBuildFile; fileRef = 26F2B09512129B2600458B80 /* SyntaxHighlighter.m */; };
		26F2B0AB12129B2600458B80 /* main.m in Sources */ = {isa = PBXBuildFile; fileRef = 26F2B09612129B2600458B80 /* main.m */; };
		26F2B0AC12129B2600458B80 /* NSData+Base64Encoding.m in Sources */ = {isa = PBXBuildFile; fileRef = 26F2B09912129B2600458B80 /* NSData+Base64Encoding.m */; };
		26F2B0AD12129B2600458B80 /* NSScanner+QuotedString.m in Sources */ = {isa = PBXBuildFile; fileRef = 26F2B09B12129B2600458B80 /* NSScanner+QuotedString.m */; };
		26F2B0AE12129B2600458B80 /* SaslConn.m in Sources */ = {isa = PBXBuildFile; fileRef = 26F2B09D12129B2600458B80 /* SaslConn.m */; };
		26F2B0AF12129B2600458B80 /* SieveClient.m in Sources */ = {isa = PBXBuildFile; fileRef = 26F2B09F12129B2600458B80 /* SieveClient.m */; };
		26F2B0B012129B2600458B80 /* NSScanner+ScannerAdditions.m in Sources */ = {isa = PBXBuildFile; fileRef = 26F2B0A212129B2600458B80 /* NSScanner+ScannerAdditions.m */; };
		26F2B0B112129B2600458B80 /* SieveParser.m in Sources */ = {isa = PBXBuildFile; fileRef = 26F2B0A412129B2600458B80 /* SieveParser.m */; };
		26F2B0B212129B2600458B80 /* SieveTest.m in Sources */ = {isa = PBXBuildFile; fileRef = 26F2B0A612129B2600458B80 /* SieveTest.m */; };
		26F2B0B312129B2600458B80 /* SieveDocument.m in Sources */ = {isa = PBXBuildFile; fileRef = 26F2B0A912129B2600458B80 /* SieveDocument.m */; };
		26F2B0EF1212A02700458B80 /* AppController.m in Sources */ = {isa = PBXBuildFile; fileRef = 26F2B0EE1212A02700458B80 /* AppController.m */; };
		26F2B1051212A4A500458B80 /* ServerWindow.xib in Resources */ = {isa = PBXBuildFile; fileRef = 26F2B1031212A4A500458B80 /* ServerWindow.xib */; };
		26F2B1091212A4EF00458B80 /* ServerWindowController.m in Sources */ = {isa = PBXBuildFile; fileRef = 26F2B1081212A4EF00458B80 /* ServerWindowController.m */; };
		26F2B1D71212BDFB00458B80 /* SieveDocumentWindowController.m in Sources */ = {isa = PBXBuildFile; fileRef = 26F2B1D61212BDFB00458B80 /* SieveDocumentWindowController.m */; };
		26F2B2071212C2B800458B80 /* SieveScriptViewController.m in Sources */ = {isa = PBXBuildFile; fileRef = 26F2B2061212C2B800458B80 /* SieveScriptViewController.m */; };
		26F2B20C1212C2ED00458B80 /* SieveScriptView.xib in Resources */ = {isa = PBXBuildFile; fileRef = 26F2B20A1212C2ED00458B80 /* SieveScriptView.xib */; };
		26F2B4C01212F73E00458B80 /* ServerScriptDocument.m in Sources */ = {isa = PBXBuildFile; fileRef = 26F2B4BF1212F73E00458B80 /* ServerScriptDocument.m */; };
		26F2B50B1213000200458B80 /* OpenURLWindow.xib in Resources */ = {isa = PBXBuildFile; fileRef = 26F2B5091213000200458B80 /* OpenURLWindow.xib */; };
		26F2B5111213015800458B80 /* OpenURLController.m in Sources */ = {isa = PBXBuildFile; fileRef = 26F2B5101213015800458B80 /* OpenURLController.m */; };
		8D15AC2F0486D014006FF6A4 /* InfoPlist.strings in Resources */ = {isa = PBXBuildFile; fileRef = 089C165FFE840EACC02AAC07 /* InfoPlist.strings */; };
		8D15AC340486D014006FF6A4 /* Cocoa.framework in Frameworks */ = {isa = PBXBuildFile; fileRef = 1058C7A7FEA54F5311CA2CBB /* Cocoa.framework */; };
/* End PBXBuildFile section */

/* Begin PBXContainerItemProxy section */
		266B56F81231138900D0741F /* PBXContainerItemProxy */ = {
			isa = PBXContainerItemProxy;
			containerPortal = 2A37F4A9FDCFA73011CA2CEA /* Project object */;
			proxyType = 1;
			remoteGlobalIDString = 266B56D8123110E400D0741F /* Tests */;
			remoteInfo = Tests;
		};
/* End PBXContainerItemProxy section */

/* Begin PBXFileReference section */
		089C1660FE840EACC02AAC07 /* English */ = {isa = PBXFileReference; fileEncoding = 4; lastKnownFileType = text.plist.strings; name = English; path = English.lproj/InfoPlist.strings; sourceTree = "<group>"; };
		1058C7A7FEA54F5311CA2CBB /* Cocoa.framework */ = {isa = PBXFileReference; lastKnownFileType = wrapper.framework; name = Cocoa.framework; path = /System/Library/Frameworks/Cocoa.framework; sourceTree = "<absolute>"; };
		1DDD58290DA1D0D100B32029 /* English */ = {isa = PBXFileReference; lastKnownFileType = file.xib; name = English; path = English.lproj/SieveDocument.xib; sourceTree = "<group>"; };
		1DDD582B0DA1D0D100B32029 /* English */ = {isa = PBXFileReference; lastKnownFileType = file.xib; name = English; path = English.lproj/MainMenu.xib; sourceTree = "<group>"; };
		2639EA9E120F74490023F625 /* libsasl2.dylib */ = {isa = PBXFileReference; lastKnownFileType = "compiled.mach-o.dylib"; name = libsasl2.dylib; path = /usr/lib/libsasl2.dylib; sourceTree = "<absolute>"; };
		264084B01213FD61004F42BB /* SieveOperation.h */ = {isa = PBXFileReference; fileEncoding = 4; lastKnownFileType = sourcecode.c.h; path = SieveOperation.h; sourceTree = "<group>"; };
		264084B11213FD61004F42BB /* SieveOperation.m */ = {isa = PBXFileReference; fileEncoding = 4; lastKnownFileType = sourcecode.c.objc; path = SieveOperation.m; sourceTree = "<group>"; };
		264084B512140058004F42BB /* SieveClientInternals.h */ = {isa = PBXFileReference; fileEncoding = 4; lastKnownFileType = sourcecode.c.h; path = SieveClientInternals.h; sourceTree = "<group>"; };
		26458ED5121D70710067CE01 /* PasswordPanelController.h */ = {isa = PBXFileReference; fileEncoding = 4; lastKnownFileType = sourcecode.c.h; path = PasswordPanelController.h; sourceTree = "<group>"; };
		26458ED6121D70710067CE01 /* PasswordPanelController.m */ = {isa = PBXFileReference; fileEncoding = 4; lastKnownFileType = sourcecode.c.objc; path = PasswordPanelController.m; sourceTree = "<group>"; };
		26458EE0121D73D40067CE01 /* English */ = {isa = PBXFileReference; lastKnownFileType = file.xib; name = English; path = English.lproj/PasswordWindow.xib; sourceTree = "<group>"; };
		264F95AB121E8C540037167B /* SieveDocumentController.h */ = {isa = PBXFileReference; fileEncoding = 4; lastKnownFileType = sourcecode.c.h; path = SieveDocumentController.h; sourceTree = "<group>"; };
		264F95AC121E8C540037167B /* SieveDocumentController.m */ = {isa = PBXFileReference; fileEncoding = 4; lastKnownFileType = sourcecode.c.objc; path = SieveDocumentController.m; sourceTree = "<group>"; };
		2659699412153CC10050A913 /* Security.framework */ = {isa = PBXFileReference; lastKnownFileType = wrapper.framework; name = Security.framework; path = /System/Library/Frameworks/Security.framework; sourceTree = "<absolute>"; };
		266A9208122CF6CF00FD32A3 /* PSMTabStyleBase.m */ = {isa = PBXFileReference; fileEncoding = 4; lastKnownFileType = sourcecode.c.objc; path = PSMTabStyleBase.m; sourceTree = "<group>"; };
		266B56D9123110E400D0741F /* Tests.octest */ = {isa = PBXFileReference; explicitFileType = wrapper.cfbundle; includeInIndex = 0; name = Tests.octest; path = build/Debug/Tests.octest; sourceTree = "<group>"; };
		266B56DA123110E400D0741F /* Tests-Info.plist */ = {isa = PBXFileReference; lastKnownFileType = text.plist.xml; path = "Tests-Info.plist"; sourceTree = SOURCE_ROOT; };
		266B56E01231113800D0741F /* TestSieveTest.m */ = {isa = PBXFileReference; fileEncoding = 4; lastKnownFileType = sourcecode.c.objc; path = TestSieveTest.m; sourceTree = "<group>"; };
		266D7C85121C14A700DFA1F4 /* SaveToServerPanelController.h */ = {isa = PBXFileReference; fileEncoding = 4; lastKnownFileType = sourcecode.c.h; path = SaveToServerPanelController.h; sourceTree = "<group>"; };
		266D7C86121C14A700DFA1F4 /* SaveToServerPanelController.m */ = {isa = PBXFileReference; fileEncoding = 4; lastKnownFileType = sourcecode.c.objc; path = SaveToServerPanelController.m; sourceTree = "<group>"; };
		266D7C88121C14D700DFA1F4 /* English */ = {isa = PBXFileReference; lastKnownFileType = file.xib; name = English; path = English.lproj/SaveToServerPanel.xib; sourceTree = "<group>"; };
		268B28F2121EB0B00046E709 /* ConnectionController.h */ = {isa = PBXFileReference; fileEncoding = 4; lastKnownFileType = sourcecode.c.h; path = ConnectionController.h; sourceTree = "<group>"; };
		268B28F3121EB0B00046E709 /* ConnectionController.m */ = {isa = PBXFileReference; fileEncoding = 4; lastKnownFileType = sourcecode.c.objc; path = ConnectionController.m; sourceTree = "<group>"; };
		26F2ADF11212972C00458B80 /* NSBezierPath_AMShading.h */ = {isa = PBXFileReference; fileEncoding = 4; lastKnownFileType = sourcecode.c.h; path = NSBezierPath_AMShading.h; sourceTree = "<group>"; };
		26F2ADF21212972C00458B80 /* NSBezierPath_AMShading.m */ = {isa = PBXFileReference; fileEncoding = 4; lastKnownFileType = sourcecode.c.objc; path = NSBezierPath_AMShading.m; sourceTree = "<group>"; };
		26F2ADF31212972C00458B80 /* NSString_AITruncation.h */ = {isa = PBXFileReference; fileEncoding = 4; lastKnownFileType = sourcecode.c.h; path = NSString_AITruncation.h; sourceTree = "<group>"; };
		26F2ADF41212972C00458B80 /* NSString_AITruncation.m */ = {isa = PBXFileReference; fileEncoding = 4; lastKnownFileType = sourcecode.c.objc; path = NSString_AITruncation.m; sourceTree = "<group>"; };
		26F2ADF51212972C00458B80 /* PSMAdiumTabStyle.h */ = {isa = PBXFileReference; fileEncoding = 4; lastKnownFileType = sourcecode.c.h; path = PSMAdiumTabStyle.h; sourceTree = "<group>"; };
		26F2ADF61212972C00458B80 /* PSMAdiumTabStyle.m */ = {isa = PBXFileReference; fileEncoding = 4; lastKnownFileType = sourcecode.c.objc; path = PSMAdiumTabStyle.m; sourceTree = "<group>"; };
		26F2ADF71212972C00458B80 /* PSMAquaTabStyle.h */ = {isa = PBXFileReference; fileEncoding = 4; lastKnownFileType = sourcecode.c.h; path = PSMAquaTabStyle.h; sourceTree = "<group>"; };
		26F2ADF81212972C00458B80 /* PSMAquaTabStyle.m */ = {isa = PBXFileReference; fileEncoding = 4; lastKnownFileType = sourcecode.c.objc; path = PSMAquaTabStyle.m; sourceTree = "<group>"; };
		26F2ADF91212972C00458B80 /* PSMMetalTabStyle.h */ = {isa = PBXFileReference; fileEncoding = 4; lastKnownFileType = sourcecode.c.h; path = PSMMetalTabStyle.h; sourceTree = "<group>"; };
		26F2ADFA1212972C00458B80 /* PSMMetalTabStyle.m */ = {isa = PBXFileReference; fileEncoding = 4; lastKnownFileType = sourcecode.c.objc; path = PSMMetalTabStyle.m; sourceTree = "<group>"; };
		26F2ADFB1212972C00458B80 /* PSMOverflowPopUpButton.h */ = {isa = PBXFileReference; fileEncoding = 4; lastKnownFileType = sourcecode.c.h; path = PSMOverflowPopUpButton.h; sourceTree = "<group>"; };
		26F2ADFC1212972C00458B80 /* PSMOverflowPopUpButton.m */ = {isa = PBXFileReference; fileEncoding = 4; lastKnownFileType = sourcecode.c.objc; path = PSMOverflowPopUpButton.m; sourceTree = "<group>"; };
		26F2ADFD1212972C00458B80 /* PSMProgressIndicator.h */ = {isa = PBXFileReference; fileEncoding = 4; lastKnownFileType = sourcecode.c.h; path = PSMProgressIndicator.h; sourceTree = "<group>"; };
		26F2ADFE1212972C00458B80 /* PSMProgressIndicator.m */ = {isa = PBXFileReference; fileEncoding = 4; lastKnownFileType = sourcecode.c.objc; path = PSMProgressIndicator.m; sourceTree = "<group>"; };
		26F2ADFF1212972C00458B80 /* PSMRolloverButton.h */ = {isa = PBXFileReference; fileEncoding = 4; lastKnownFileType = sourcecode.c.h; path = PSMRolloverButton.h; sourceTree = "<group>"; };
		26F2AE001212972C00458B80 /* PSMRolloverButton.m */ = {isa = PBXFileReference; fileEncoding = 4; lastKnownFileType = sourcecode.c.objc; path = PSMRolloverButton.m; sourceTree = "<group>"; };
		26F2AE011212972C00458B80 /* PSMTabBarCell.h */ = {isa = PBXFileReference; fileEncoding = 4; lastKnownFileType = sourcecode.c.h; path = PSMTabBarCell.h; sourceTree = "<group>"; };
		26F2AE021212972C00458B80 /* PSMTabBarCell.m */ = {isa = PBXFileReference; fileEncoding = 4; lastKnownFileType = sourcecode.c.objc; path = PSMTabBarCell.m; sourceTree = "<group>"; };
		26F2AE031212972C00458B80 /* PSMTabBarControl.h */ = {isa = PBXFileReference; fileEncoding = 4; lastKnownFileType = sourcecode.c.h; path = PSMTabBarControl.h; sourceTree = "<group>"; };
		26F2AE041212972C00458B80 /* PSMTabBarControl.m */ = {isa = PBXFileReference; fileEncoding = 4; lastKnownFileType = sourcecode.c.objc; path = PSMTabBarControl.m; sourceTree = "<group>"; };
		26F2AE051212972C00458B80 /* PSMTabBarController.h */ = {isa = PBXFileReference; fileEncoding = 4; lastKnownFileType = sourcecode.c.h; path = PSMTabBarController.h; sourceTree = "<group>"; };
		26F2AE061212972C00458B80 /* PSMTabBarController.m */ = {isa = PBXFileReference; fileEncoding = 4; lastKnownFileType = sourcecode.c.objc; path = PSMTabBarController.m; sourceTree = "<group>"; };
		26F2AE071212972C00458B80 /* PSMTabDragAssistant.h */ = {isa = PBXFileReference; fileEncoding = 4; lastKnownFileType = sourcecode.c.h; path = PSMTabDragAssistant.h; sourceTree = "<group>"; };
		26F2AE081212972C00458B80 /* PSMTabDragAssistant.m */ = {isa = PBXFileReference; fileEncoding = 4; lastKnownFileType = sourcecode.c.objc; path = PSMTabDragAssistant.m; sourceTree = "<group>"; };
		26F2AE091212972C00458B80 /* PSMTabDragView.h */ = {isa = PBXFileReference; fileEncoding = 4; lastKnownFileType = sourcecode.c.h; path = PSMTabDragView.h; sourceTree = "<group>"; };
		26F2AE0A1212972C00458B80 /* PSMTabDragView.m */ = {isa = PBXFileReference; fileEncoding = 4; lastKnownFileType = sourcecode.c.objc; path = PSMTabDragView.m; sourceTree = "<group>"; };
		26F2AE0B1212972C00458B80 /* PSMTabDragWindow.h */ = {isa = PBXFileReference; fileEncoding = 4; lastKnownFileType = sourcecode.c.h; path = PSMTabDragWindow.h; sourceTree = "<group>"; };
		26F2AE0C1212972C00458B80 /* PSMTabDragWindow.m */ = {isa = PBXFileReference; fileEncoding = 4; lastKnownFileType = sourcecode.c.objc; path = PSMTabDragWindow.m; sourceTree = "<group>"; };
		26F2AE0D1212972C00458B80 /* PSMTabDragWindowController.h */ = {isa = PBXFileReference; fileEncoding = 4; lastKnownFileType = sourcecode.c.h; path = PSMTabDragWindowController.h; sourceTree = "<group>"; };
		26F2AE0E1212972C00458B80 /* PSMTabDragWindowController.m */ = {isa = PBXFileReference; fileEncoding = 4; lastKnownFileType = sourcecode.c.objc; path = PSMTabDragWindowController.m; sourceTree = "<group>"; };
		26F2AE0F1212972C00458B80 /* PSMTabStyle.h */ = {isa = PBXFileReference; fileEncoding = 4; lastKnownFileType = sourcecode.c.h; path = PSMTabStyle.h; sourceTree = "<group>"; };
		26F2AE101212972C00458B80 /* PSMUnifiedTabStyle.h */ = {isa = PBXFileReference; fileEncoding = 4; lastKnownFileType = sourcecode.c.h; path = PSMUnifiedTabStyle.h; sourceTree = "<group>"; };
		26F2AE111212972C00458B80 /* PSMUnifiedTabStyle.m */ = {isa = PBXFileReference; fileEncoding = 4; lastKnownFileType = sourcecode.c.objc; path = PSMUnifiedTabStyle.m; sourceTree = "<group>"; };
		26F2AE2D1212981E00458B80 /* Carbon.framework */ = {isa = PBXFileReference; lastKnownFileType = wrapper.framework; name = Carbon.framework; path = /System/Library/Frameworks/Carbon.framework; sourceTree = "<absolute>"; };
		26F2AE571212992400458B80 /* AdiumGradient.png */ = {isa = PBXFileReference; lastKnownFileType = image.png; path = AdiumGradient.png; sourceTree = "<group>"; };
		26F2AE581212992400458B80 /* AquaTabClose_Front.png */ = {isa = PBXFileReference; lastKnownFileType = image.png; path = AquaTabClose_Front.png; sourceTree = "<group>"; };
		26F2AE591212992400458B80 /* AquaTabClose_Front_Pressed.png */ = {isa = PBXFileReference; lastKnownFileType = image.png; path = AquaTabClose_Front_Pressed.png; sourceTree = "<group>"; };
		26F2AE5A1212992400458B80 /* AquaTabClose_Front_Rollover.png */ = {isa = PBXFileReference; lastKnownFileType = image.png; path = AquaTabClose_Front_Rollover.png; sourceTree = "<group>"; };
		26F2AE5B1212992400458B80 /* AquaTabCloseDirty_Front.png */ = {isa = PBXFileReference; lastKnownFileType = image.png; path = AquaTabCloseDirty_Front.png; sourceTree = "<group>"; };
		26F2AE5C1212992400458B80 /* AquaTabCloseDirty_Front_Pressed.png */ = {isa = PBXFileReference; lastKnownFileType = image.png; path = AquaTabCloseDirty_Front_Pressed.png; sourceTree = "<group>"; };
		26F2AE5D1212992400458B80 /* AquaTabCloseDirty_Front_Rollover.png */ = {isa = PBXFileReference; lastKnownFileType = image.png; path = AquaTabCloseDirty_Front_Rollover.png; sourceTree = "<group>"; };
		26F2AE5E1212992400458B80 /* AquaTabNew.png */ = {isa = PBXFileReference; lastKnownFileType = image.png; path = AquaTabNew.png; sourceTree = "<group>"; };
		26F2AE5F1212992400458B80 /* AquaTabNewPressed.png */ = {isa = PBXFileReference; lastKnownFileType = image.png; path = AquaTabNewPressed.png; sourceTree = "<group>"; };
		26F2AE601212992400458B80 /* AquaTabNewRollover.png */ = {isa = PBXFileReference; lastKnownFileType = image.png; path = AquaTabNewRollover.png; sourceTree = "<group>"; };
		26F2AE611212992400458B80 /* AquaTabsBackground.png */ = {isa = PBXFileReference; lastKnownFileType = image.png; path = AquaTabsBackground.png; sourceTree = "<group>"; };
		26F2AE621212992400458B80 /* AquaTabsDown.png */ = {isa = PBXFileReference; lastKnownFileType = image.png; path = AquaTabsDown.png; sourceTree = "<group>"; };
		26F2AE631212992400458B80 /* AquaTabsDownGraphite.png */ = {isa = PBXFileReference; lastKnownFileType = image.png; path = AquaTabsDownGraphite.png; sourceTree = "<group>"; };
		26F2AE641212992400458B80 /* AquaTabsDownNonKey.png */ = {isa = PBXFileReference; lastKnownFileType = image.png; path = AquaTabsDownNonKey.png; sourceTree = "<group>"; };
		26F2AE651212992400458B80 /* AquaTabsSeparator.png */ = {isa = PBXFileReference; lastKnownFileType = image.png; path = AquaTabsSeparator.png; sourceTree = "<group>"; };
		26F2AE661212992400458B80 /* AquaTabsSeparatorDown.png */ = {isa = PBXFileReference; lastKnownFileType = image.png; path = AquaTabsSeparatorDown.png; sourceTree = "<group>"; };
		26F2AE671212992400458B80 /* overflowImage.png */ = {isa = PBXFileReference; lastKnownFileType = image.png; path = overflowImage.png; sourceTree = "<group>"; };
		26F2AE681212992400458B80 /* overflowImagePressed.png */ = {isa = PBXFileReference; lastKnownFileType = image.png; path = overflowImagePressed.png; sourceTree = "<group>"; };
		26F2AE691212992400458B80 /* pi.png */ = {isa = PBXFileReference; lastKnownFileType = image.png; path = pi.png; sourceTree = "<group>"; };
		26F2AE6A1212992400458B80 /* TabClose_Dirty.png */ = {isa = PBXFileReference; lastKnownFileType = image.png; path = TabClose_Dirty.png; sourceTree = "<group>"; };
		26F2AE6B1212992400458B80 /* TabClose_Dirty_Pressed.png */ = {isa = PBXFileReference; lastKnownFileType = image.png; path = TabClose_Dirty_Pressed.png; sourceTree = "<group>"; };
		26F2AE6C1212992400458B80 /* TabClose_Dirty_Rollover.png */ = {isa = PBXFileReference; lastKnownFileType = image.png; path = TabClose_Dirty_Rollover.png; sourceTree = "<group>"; };
		26F2AE6D1212992400458B80 /* TabClose_Front.png */ = {isa = PBXFileReference; lastKnownFileType = image.png; path = TabClose_Front.png; sourceTree = "<group>"; };
		26F2AE6E1212992400458B80 /* TabClose_Front_Pressed.png */ = {isa = PBXFileReference; lastKnownFileType = image.png; path = TabClose_Front_Pressed.png; sourceTree = "<group>"; };
		26F2AE6F1212992400458B80 /* TabClose_Front_Rollover.png */ = {isa = PBXFileReference; lastKnownFileType = image.png; path = TabClose_Front_Rollover.png; sourceTree = "<group>"; };
		26F2AE701212992400458B80 /* TabNewMetal.png */ = {isa = PBXFileReference; lastKnownFileType = image.png; path = TabNewMetal.png; sourceTree = "<group>"; };
		26F2AE711212992400458B80 /* TabNewMetalPressed.png */ = {isa = PBXFileReference; lastKnownFileType = image.png; path = TabNewMetalPressed.png; sourceTree = "<group>"; };
		26F2AE721212992400458B80 /* TabNewMetalRollover.png */ = {isa = PBXFileReference; lastKnownFileType = image.png; path = TabNewMetalRollover.png; sourceTree = "<group>"; };
		26F2B08F12129B1D00458B80 /* AsyncSocket.h */ = {isa = PBXFileReference; fileEncoding = 4; lastKnownFileType = sourcecode.c.h; path = AsyncSocket.h; sourceTree = "<group>"; };
		26F2B09012129B1D00458B80 /* AsyncSocket.m */ = {isa = PBXFileReference; fileEncoding = 4; lastKnownFileType = sourcecode.c.objc; path = AsyncSocket.m; sourceTree = "<group>"; };
		26F2B09412129B2600458B80 /* SyntaxHighlighter.h */ = {isa = PBXFileReference; fileEncoding = 4; lastKnownFileType = sourcecode.c.h; path = SyntaxHighlighter.h; sourceTree = "<group>"; };
		26F2B09512129B2600458B80 /* SyntaxHighlighter.m */ = {isa = PBXFileReference; fileEncoding = 4; lastKnownFileType = sourcecode.c.objc; path = SyntaxHighlighter.m; sourceTree = "<group>"; };
		26F2B09612129B2600458B80 /* main.m */ = {isa = PBXFileReference; fileEncoding = 4; lastKnownFileType = sourcecode.c.objc; name = main.m; path = Source/main.m; sourceTree = "<group>"; };
		26F2B09812129B2600458B80 /* NSData+Base64Encoding.h */ = {isa = PBXFileReference; fileEncoding = 4; lastKnownFileType = sourcecode.c.h; path = "NSData+Base64Encoding.h"; sourceTree = "<group>"; };
		26F2B09912129B2600458B80 /* NSData+Base64Encoding.m */ = {isa = PBXFileReference; fileEncoding = 4; lastKnownFileType = sourcecode.c.objc; path = "NSData+Base64Encoding.m"; sourceTree = "<group>"; };
		26F2B09A12129B2600458B80 /* NSScanner+QuotedString.h */ = {isa = PBXFileReference; fileEncoding = 4; lastKnownFileType = sourcecode.c.h; path = "NSScanner+QuotedString.h"; sourceTree = "<group>"; };
		26F2B09B12129B2600458B80 /* NSScanner+QuotedString.m */ = {isa = PBXFileReference; fileEncoding = 4; lastKnownFileType = sourcecode.c.objc; path = "NSScanner+QuotedString.m"; sourceTree = "<group>"; };
		26F2B09C12129B2600458B80 /* SaslConn.h */ = {isa = PBXFileReference; fileEncoding = 4; lastKnownFileType = sourcecode.c.h; path = SaslConn.h; sourceTree = "<group>"; };
		26F2B09D12129B2600458B80 /* SaslConn.m */ = {isa = PBXFileReference; fileEncoding = 4; lastKnownFileType = sourcecode.c.objc; path = SaslConn.m; sourceTree = "<group>"; };
		26F2B09E12129B2600458B80 /* SieveClient.h */ = {isa = PBXFileReference; fileEncoding = 4; lastKnownFileType = sourcecode.c.h; path = SieveClient.h; sourceTree = "<group>"; };
		26F2B09F12129B2600458B80 /* SieveClient.m */ = {isa = PBXFileReference; fileEncoding = 4; lastKnownFileType = sourcecode.c.objc; path = SieveClient.m; sourceTree = "<group>"; };
		26F2B0A112129B2600458B80 /* NSScanner+ScannerAdditions.h */ = {isa = PBXFileReference; fileEncoding = 4; lastKnownFileType = sourcecode.c.h; path = "NSScanner+ScannerAdditions.h"; sourceTree = "<group>"; };
		26F2B0A212129B2600458B80 /* NSScanner+ScannerAdditions.m */ = {isa = PBXFileReference; fileEncoding = 4; lastKnownFileType = sourcecode.c.objc; path = "NSScanner+ScannerAdditions.m"; sourceTree = "<group>"; };
		26F2B0A312129B2600458B80 /* SieveParser.h */ = {isa = PBXFileReference; fileEncoding = 4; lastKnownFileType = sourcecode.c.h; path = SieveParser.h; sourceTree = "<group>"; };
		26F2B0A412129B2600458B80 /* SieveParser.m */ = {isa = PBXFileReference; fileEncoding = 4; lastKnownFileType = sourcecode.c.objc; path = SieveParser.m; sourceTree = "<group>"; };
		26F2B0A512129B2600458B80 /* SieveTest.h */ = {isa = PBXFileReference; fileEncoding = 4; lastKnownFileType = sourcecode.c.h; path = SieveTest.h; sourceTree = "<group>"; };
		26F2B0A612129B2600458B80 /* SieveTest.m */ = {isa = PBXFileReference; fileEncoding = 4; lastKnownFileType = sourcecode.c.objc; path = SieveTest.m; sourceTree = "<group>"; };
		26F2B0A712129B2600458B80 /* Sieve_Prefix.pch */ = {isa = PBXFileReference; fileEncoding = 4; lastKnownFileType = sourcecode.c.h; name = Sieve_Prefix.pch; path = Source/Sieve_Prefix.pch; sourceTree = "<group>"; };
		26F2B0A812129B2600458B80 /* SieveDocument.h */ = {isa = PBXFileReference; fileEncoding = 4; lastKnownFileType = sourcecode.c.h; path = SieveDocument.h; sourceTree = "<group>"; };
		26F2B0A912129B2600458B80 /* SieveDocument.m */ = {isa = PBXFileReference; fileEncoding = 4; lastKnownFileType = sourcecode.c.objc; path = SieveDocument.m; sourceTree = "<group>"; };
		26F2B0ED1212A02700458B80 /* AppController.h */ = {isa = PBXFileReference; fileEncoding = 4; lastKnownFileType = sourcecode.c.h; path = AppController.h; sourceTree = "<group>"; };
		26F2B0EE1212A02700458B80 /* AppController.m */ = {isa = PBXFileReference; fileEncoding = 4; lastKnownFileType = sourcecode.c.objc; path = AppController.m; sourceTree = "<group>"; };
		26F2B1041212A4A500458B80 /* English */ = {isa = PBXFileReference; lastKnownFileType = file.xib; name = English; path = English.lproj/ServerWindow.xib; sourceTree = "<group>"; };
		26F2B1071212A4EF00458B80 /* ServerWindowController.h */ = {isa = PBXFileReference; fileEncoding = 4; lastKnownFileType = sourcecode.c.h; path = ServerWindowController.h; sourceTree = "<group>"; };
		26F2B1081212A4EF00458B80 /* ServerWindowController.m */ = {isa = PBXFileReference; fileEncoding = 4; lastKnownFileType = sourcecode.c.objc; path = ServerWindowController.m; sourceTree = "<group>"; };
		26F2B1D51212BDFB00458B80 /* SieveDocumentWindowController.h */ = {isa = PBXFileReference; fileEncoding = 4; lastKnownFileType = sourcecode.c.h; path = SieveDocumentWindowController.h; sourceTree = "<group>"; };
		26F2B1D61212BDFB00458B80 /* SieveDocumentWindowController.m */ = {isa = PBXFileReference; fileEncoding = 4; lastKnownFileType = sourcecode.c.objc; path = SieveDocumentWindowController.m; sourceTree = "<group>"; };
		26F2B2051212C2B800458B80 /* SieveScriptViewController.h */ = {isa = PBXFileReference; fileEncoding = 4; lastKnownFileType = sourcecode.c.h; path = SieveScriptViewController.h; sourceTree = "<group>"; };
		26F2B2061212C2B800458B80 /* SieveScriptViewController.m */ = {isa = PBXFileReference; fileEncoding = 4; lastKnownFileType = sourcecode.c.objc; path = SieveScriptViewController.m; sourceTree = "<group>"; };
		26F2B20B1212C2ED00458B80 /* English */ = {isa = PBXFileReference; lastKnownFileType = file.xib; name = English; path = English.lproj/SieveScriptView.xib; sourceTree = "<group>"; };
		26F2B4BE1212F73E00458B80 /* ServerScriptDocument.h */ = {isa = PBXFileReference; fileEncoding = 4; lastKnownFileType = sourcecode.c.h; path = ServerScriptDocument.h; sourceTree = "<group>"; };
		26F2B4BF1212F73E00458B80 /* ServerScriptDocument.m */ = {isa = PBXFileReference; fileEncoding = 4; lastKnownFileType = sourcecode.c.objc; path = ServerScriptDocument.m; sourceTree = "<group>"; };
		26F2B50A1213000200458B80 /* English */ = {isa = PBXFileReference; lastKnownFileType = file.xib; name = English; path = English.lproj/OpenURLWindow.xib; sourceTree = "<group>"; };
		26F2B50F1213015800458B80 /* OpenURLController.h */ = {isa = PBXFileReference; fileEncoding = 4; lastKnownFileType = sourcecode.c.h; path = OpenURLController.h; sourceTree = "<group>"; };
		26F2B5101213015800458B80 /* OpenURLController.m */ = {isa = PBXFileReference; fileEncoding = 4; lastKnownFileType = sourcecode.c.objc; path = OpenURLController.m; sourceTree = "<group>"; };
		2A37F4C4FDCFA73011CA2CEA /* AppKit.framework */ = {isa = PBXFileReference; lastKnownFileType = wrapper.framework; name = AppKit.framework; path = /System/Library/Frameworks/AppKit.framework; sourceTree = "<absolute>"; };
		2A37F4C5FDCFA73011CA2CEA /* Foundation.framework */ = {isa = PBXFileReference; lastKnownFileType = wrapper.framework; name = Foundation.framework; path = /System/Library/Frameworks/Foundation.framework; sourceTree = "<absolute>"; };
		8D15AC360486D014006FF6A4 /* Sieve-Info.plist */ = {isa = PBXFileReference; fileEncoding = 4; lastKnownFileType = text.plist.xml; path = "Sieve-Info.plist"; sourceTree = "<group>"; };
		8D15AC370486D014006FF6A4 /* Sieve.app */ = {isa = PBXFileReference; explicitFileType = wrapper.application; includeInIndex = 0; path = Sieve.app; sourceTree = BUILT_PRODUCTS_DIR; };
/* End PBXFileReference section */

/* Begin PBXFrameworksBuildPhase section */
		266B56D6123110E400D0741F /* Frameworks */ = {
			isa = PBXFrameworksBuildPhase;
			buildActionMask = 2147483647;
			files = (
			);
			runOnlyForDeploymentPostprocessing = 0;
		};
		8D15AC330486D014006FF6A4 /* Frameworks */ = {
			isa = PBXFrameworksBuildPhase;
			buildActionMask = 2147483647;
			files = (
				8D15AC340486D014006FF6A4 /* Cocoa.framework in Frameworks */,
				2639EA9F120F74490023F625 /* libsasl2.dylib in Frameworks */,
				26F2AE2E1212981E00458B80 /* Carbon.framework in Frameworks */,
				2659699512153CC10050A913 /* Security.framework in Frameworks */,
			);
			runOnlyForDeploymentPostprocessing = 0;
		};
/* End PBXFrameworksBuildPhase section */

/* Begin PBXGroup section */
		19C28FB0FE9D524F11CA2CBB /* Products */ = {
			isa = PBXGroup;
			children = (
				8D15AC370486D014006FF6A4 /* Sieve.app */,
				266B56D9123110E400D0741F /* Tests.octest */,
			);
			name = Products;
			sourceTree = "<group>";
		};
		266A9205122CF60B00FD32A3 /* Styles */ = {
			isa = PBXGroup;
			children = (
				26F2ADF51212972C00458B80 /* PSMAdiumTabStyle.h */,
				26F2ADF61212972C00458B80 /* PSMAdiumTabStyle.m */,
				26F2ADF71212972C00458B80 /* PSMAquaTabStyle.h */,
				26F2ADF81212972C00458B80 /* PSMAquaTabStyle.m */,
				26F2ADF91212972C00458B80 /* PSMMetalTabStyle.h */,
				26F2ADFA1212972C00458B80 /* PSMMetalTabStyle.m */,
				26F2AE0F1212972C00458B80 /* PSMTabStyle.h */,
				26F2AE101212972C00458B80 /* PSMUnifiedTabStyle.h */,
				26F2AE111212972C00458B80 /* PSMUnifiedTabStyle.m */,
				266A9208122CF6CF00FD32A3 /* PSMTabStyleBase.m */,
			);
			name = Styles;
			sourceTree = "<group>";
		};
		266B56D11231104300D0741F /* Tests */ = {
			isa = PBXGroup;
			children = (
				266B56DA123110E400D0741F /* Tests-Info.plist */,
				266B56E01231113800D0741F /* TestSieveTest.m */,
			);
			path = Tests;
			sourceTree = "<group>";
		};
		26F2ADF01212972C00458B80 /* PSMTabBar */ = {
			isa = PBXGroup;
			children = (
				266A9205122CF60B00FD32A3 /* Styles */,
				26F2AE561212992400458B80 /* Images */,
				26F2ADF11212972C00458B80 /* NSBezierPath_AMShading.h */,
				26F2ADF21212972C00458B80 /* NSBezierPath_AMShading.m */,
				26F2ADF31212972C00458B80 /* NSString_AITruncation.h */,
				26F2ADF41212972C00458B80 /* NSString_AITruncation.m */,
				26F2ADFB1212972C00458B80 /* PSMOverflowPopUpButton.h */,
				26F2ADFC1212972C00458B80 /* PSMOverflowPopUpButton.m */,
				26F2ADFD1212972C00458B80 /* PSMProgressIndicator.h */,
				26F2ADFE1212972C00458B80 /* PSMProgressIndicator.m */,
				26F2ADFF1212972C00458B80 /* PSMRolloverButton.h */,
				26F2AE001212972C00458B80 /* PSMRolloverButton.m */,
				26F2AE011212972C00458B80 /* PSMTabBarCell.h */,
				26F2AE021212972C00458B80 /* PSMTabBarCell.m */,
				26F2AE031212972C00458B80 /* PSMTabBarControl.h */,
				26F2AE041212972C00458B80 /* PSMTabBarControl.m */,
				26F2AE051212972C00458B80 /* PSMTabBarController.h */,
				26F2AE061212972C00458B80 /* PSMTabBarController.m */,
				26F2AE071212972C00458B80 /* PSMTabDragAssistant.h */,
				26F2AE081212972C00458B80 /* PSMTabDragAssistant.m */,
				26F2AE091212972C00458B80 /* PSMTabDragView.h */,
				26F2AE0A1212972C00458B80 /* PSMTabDragView.m */,
				26F2AE0B1212972C00458B80 /* PSMTabDragWindow.h */,
				26F2AE0C1212972C00458B80 /* PSMTabDragWindow.m */,
				26F2AE0D1212972C00458B80 /* PSMTabDragWindowController.h */,
				26F2AE0E1212972C00458B80 /* PSMTabDragWindowController.m */,
			);
			path = PSMTabBar;
			sourceTree = "<group>";
		};
		26F2AE561212992400458B80 /* Images */ = {
			isa = PBXGroup;
			children = (
				26F2AE571212992400458B80 /* AdiumGradient.png */,
				26F2AE581212992400458B80 /* AquaTabClose_Front.png */,
				26F2AE591212992400458B80 /* AquaTabClose_Front_Pressed.png */,
				26F2AE5A1212992400458B80 /* AquaTabClose_Front_Rollover.png */,
				26F2AE5B1212992400458B80 /* AquaTabCloseDirty_Front.png */,
				26F2AE5C1212992400458B80 /* AquaTabCloseDirty_Front_Pressed.png */,
				26F2AE5D1212992400458B80 /* AquaTabCloseDirty_Front_Rollover.png */,
				26F2AE5E1212992400458B80 /* AquaTabNew.png */,
				26F2AE5F1212992400458B80 /* AquaTabNewPressed.png */,
				26F2AE601212992400458B80 /* AquaTabNewRollover.png */,
				26F2AE611212992400458B80 /* AquaTabsBackground.png */,
				26F2AE621212992400458B80 /* AquaTabsDown.png */,
				26F2AE631212992400458B80 /* AquaTabsDownGraphite.png */,
				26F2AE641212992400458B80 /* AquaTabsDownNonKey.png */,
				26F2AE651212992400458B80 /* AquaTabsSeparator.png */,
				26F2AE661212992400458B80 /* AquaTabsSeparatorDown.png */,
				26F2AE671212992400458B80 /* overflowImage.png */,
				26F2AE681212992400458B80 /* overflowImagePressed.png */,
				26F2AE691212992400458B80 /* pi.png */,
				26F2AE6A1212992400458B80 /* TabClose_Dirty.png */,
				26F2AE6B1212992400458B80 /* TabClose_Dirty_Pressed.png */,
				26F2AE6C1212992400458B80 /* TabClose_Dirty_Rollover.png */,
				26F2AE6D1212992400458B80 /* TabClose_Front.png */,
				26F2AE6E1212992400458B80 /* TabClose_Front_Pressed.png */,
				26F2AE6F1212992400458B80 /* TabClose_Front_Rollover.png */,
				26F2AE701212992400458B80 /* TabNewMetal.png */,
				26F2AE711212992400458B80 /* TabNewMetalPressed.png */,
				26F2AE721212992400458B80 /* TabNewMetalRollover.png */,
			);
			path = Images;
			sourceTree = "<group>";
		};
		26F2B08E12129B1D00458B80 /* AsyncSocket */ = {
			isa = PBXGroup;
			children = (
				26F2B09012129B1D00458B80 /* AsyncSocket.m */,
				26F2B08F12129B1D00458B80 /* AsyncSocket.h */,
			);
			path = AsyncSocket;
			sourceTree = "<group>";
		};
		26F2B09212129B2600458B80 /* Source */ = {
			isa = PBXGroup;
			children = (
				26F2B0A012129B2600458B80 /* Sieve Script Parser */,
				26F2B09712129B2600458B80 /* Sieve Protocol Client */,
				26F2B09312129B2600458B80 /* GUI */,
				26F2B0A812129B2600458B80 /* SieveDocument.h */,
				26F2B0A912129B2600458B80 /* SieveDocument.m */,
				26F2B4BE1212F73E00458B80 /* ServerScriptDocument.h */,
				26F2B4BF1212F73E00458B80 /* ServerScriptDocument.m */,
				26F2B0ED1212A02700458B80 /* AppController.h */,
				26F2B0EE1212A02700458B80 /* AppController.m */,
				26F2B1071212A4EF00458B80 /* ServerWindowController.h */,
				26F2B1081212A4EF00458B80 /* ServerWindowController.m */,
				26F2B1D51212BDFB00458B80 /* SieveDocumentWindowController.h */,
				26F2B1D61212BDFB00458B80 /* SieveDocumentWindowController.m */,
				26F2B2051212C2B800458B80 /* SieveScriptViewController.h */,
				26F2B2061212C2B800458B80 /* SieveScriptViewController.m */,
				26F2B50F1213015800458B80 /* OpenURLController.h */,
				26F2B5101213015800458B80 /* OpenURLController.m */,
				266D7C85121C14A700DFA1F4 /* SaveToServerPanelController.h */,
				266D7C86121C14A700DFA1F4 /* SaveToServerPanelController.m */,
				26458ED5121D70710067CE01 /* PasswordPanelController.h */,
				26458ED6121D70710067CE01 /* PasswordPanelController.m */,
				264F95AB121E8C540037167B /* SieveDocumentController.h */,
				264F95AC121E8C540037167B /* SieveDocumentController.m */,
				268B28F2121EB0B00046E709 /* ConnectionController.h */,
				268B28F3121EB0B00046E709 /* ConnectionController.m */,
			);
			path = Source;
			sourceTree = "<group>";
		};
		26F2B09312129B2600458B80 /* GUI */ = {
			isa = PBXGroup;
			children = (
				26F2B09412129B2600458B80 /* SyntaxHighlighter.h */,
				26F2B09512129B2600458B80 /* SyntaxHighlighter.m */,
			);
			path = GUI;
			sourceTree = "<group>";
		};
		26F2B09712129B2600458B80 /* Sieve Protocol Client */ = {
			isa = PBXGroup;
			children = (
				26F2B09812129B2600458B80 /* NSData+Base64Encoding.h */,
				26F2B09912129B2600458B80 /* NSData+Base64Encoding.m */,
				26F2B09A12129B2600458B80 /* NSScanner+QuotedString.h */,
				26F2B09B12129B2600458B80 /* NSScanner+QuotedString.m */,
				26F2B09C12129B2600458B80 /* SaslConn.h */,
				26F2B09D12129B2600458B80 /* SaslConn.m */,
				26F2B09E12129B2600458B80 /* SieveClient.h */,
				26F2B09F12129B2600458B80 /* SieveClient.m */,
				264084B01213FD61004F42BB /* SieveOperation.h */,
				264084B11213FD61004F42BB /* SieveOperation.m */,
				264084B512140058004F42BB /* SieveClientInternals.h */,
			);
			path = "Sieve Protocol Client";
			sourceTree = "<group>";
		};
		26F2B0A012129B2600458B80 /* Sieve Script Parser */ = {
			isa = PBXGroup;
			children = (
				26F2B0A112129B2600458B80 /* NSScanner+ScannerAdditions.h */,
				26F2B0A212129B2600458B80 /* NSScanner+ScannerAdditions.m */,
				26F2B0A312129B2600458B80 /* SieveParser.h */,
				26F2B0A412129B2600458B80 /* SieveParser.m */,
				26F2B0A512129B2600458B80 /* SieveTest.h */,
				26F2B0A612129B2600458B80 /* SieveTest.m */,
			);
			path = "Sieve Script Parser";
			sourceTree = "<group>";
		};
		26F2B0B412129B4300458B80 /* Other Sources */ = {
			isa = PBXGroup;
			children = (
				26F2B09612129B2600458B80 /* main.m */,
				26F2B0A712129B2600458B80 /* Sieve_Prefix.pch */,
			);
			name = "Other Sources";
			sourceTree = "<group>";
		};
		26F2B0B512129B5600458B80 /* Library Code */ = {
			isa = PBXGroup;
			children = (
				26F2B08E12129B1D00458B80 /* AsyncSocket */,
				26F2ADF01212972C00458B80 /* PSMTabBar */,
			);
			name = "Library Code";
			sourceTree = "<group>";
		};
		2A37F4AAFDCFA73011CA2CEA /* Sieve */ = {
			isa = PBXGroup;
			children = (
				26F2B09212129B2600458B80 /* Source */,
				2A37F4B8FDCFA73011CA2CEA /* Resources */,
				26F2B0B512129B5600458B80 /* Library Code */,
				26F2B0B412129B4300458B80 /* Other Sources */,
				266B56D11231104300D0741F /* Tests */,
				2A37F4C3FDCFA73011CA2CEA /* Frameworks */,
				19C28FB0FE9D524F11CA2CBB /* Products */,
			);
			name = Sieve;
			sourceTree = "<group>";
		};
		2A37F4B8FDCFA73011CA2CEA /* Resources */ = {
			isa = PBXGroup;
			children = (
				8D15AC360486D014006FF6A4 /* Sieve-Info.plist */,
				089C165FFE840EACC02AAC07 /* InfoPlist.strings */,
				1DDD58280DA1D0D100B32029 /* SieveDocument.xib */,
				1DDD582A0DA1D0D100B32029 /* MainMenu.xib */,
				26F2B1031212A4A500458B80 /* ServerWindow.xib */,
				26F2B20A1212C2ED00458B80 /* SieveScriptView.xib */,
				26F2B5091213000200458B80 /* OpenURLWindow.xib */,
				266D7C8C121C14E900DFA1F4 /* SaveToServerPanel.xib */,
				26458EE3121D73EC0067CE01 /* PasswordWindow.xib */,
			);
			name = Resources;
			sourceTree = "<group>";
		};
		2A37F4C3FDCFA73011CA2CEA /* Frameworks */ = {
			isa = PBXGroup;
			children = (
				26F2AE2D1212981E00458B80 /* Carbon.framework */,
				1058C7A7FEA54F5311CA2CBB /* Cocoa.framework */,
				2A37F4C4FDCFA73011CA2CEA /* AppKit.framework */,
				2A37F4C5FDCFA73011CA2CEA /* Foundation.framework */,
				2639EA9E120F74490023F625 /* libsasl2.dylib */,
				2659699412153CC10050A913 /* Security.framework */,
			);
			name = Frameworks;
			sourceTree = "<group>";
		};
/* End PBXGroup section */

/* Begin PBXNativeTarget section */
		266B56D8123110E400D0741F /* Tests */ = {
			isa = PBXNativeTarget;
			buildConfigurationList = 266B56DD123110E500D0741F /* Build configuration list for PBXNativeTarget "Tests" */;
			buildPhases = (
				266B56D4123110E400D0741F /* Resources */,
				266B56D5123110E400D0741F /* Sources */,
				266B56D6123110E400D0741F /* Frameworks */,
				266B56D7123110E400D0741F /* ShellScript */,
			);
			buildRules = (
			);
			dependencies = (
			);
			name = Tests;
			productName = Tests;
			productReference = 266B56D9123110E400D0741F /* Tests.octest */;
			productType = "com.apple.product-type.bundle";
		};
		8D15AC270486D014006FF6A4 /* Sieve */ = {
			isa = PBXNativeTarget;
			buildConfigurationList = C05733C708A9546B00998B17 /* Build configuration list for PBXNativeTarget "Sieve" */;
			buildPhases = (
				8D15AC2B0486D014006FF6A4 /* Resources */,
				8D15AC300486D014006FF6A4 /* Sources */,
				8D15AC330486D014006FF6A4 /* Frameworks */,
			);
			buildRules = (
			);
			dependencies = (
				266B56F91231138900D0741F /* PBXTargetDependency */,
			);
			name = Sieve;
			productInstallPath = "$(HOME)/Applications";
			productName = Sieve;
			productReference = 8D15AC370486D014006FF6A4 /* Sieve.app */;
			productType = "com.apple.product-type.application";
		};
/* End PBXNativeTarget section */

/* Begin PBXProject section */
		2A37F4A9FDCFA73011CA2CEA /* Project object */ = {
			isa = PBXProject;
			buildConfigurationList = C05733CB08A9546B00998B17 /* Build configuration list for PBXProject "Sieve" */;
			compatibilityVersion = "Xcode 3.1";
			hasScannedForEncodings = 1;
			mainGroup = 2A37F4AAFDCFA73011CA2CEA /* Sieve */;
			projectDirPath = "";
			projectRoot = "";
			targets = (
				8D15AC270486D014006FF6A4 /* Sieve */,
				266B56D8123110E400D0741F /* Tests */,
				266B571A1231162B00D0741F /* Documentation */,
			);
		};
/* End PBXProject section */

/* Begin PBXResourcesBuildPhase section */
		266B56D4123110E400D0741F /* Resources */ = {
			isa = PBXResourcesBuildPhase;
			buildActionMask = 2147483647;
			files = (
			);
			runOnlyForDeploymentPostprocessing = 0;
		};
		8D15AC2B0486D014006FF6A4 /* Resources */ = {
			isa = PBXResourcesBuildPhase;
			buildActionMask = 2147483647;
			files = (
				8D15AC2F0486D014006FF6A4 /* InfoPlist.strings in Resources */,
				1DDD582C0DA1D0D100B32029 /* SieveDocument.xib in Resources */,
				1DDD582D0DA1D0D100B32029 /* MainMenu.xib in Resources */,
				26F2AE731212992400458B80 /* AdiumGradient.png in Resources */,
				26F2AE741212992400458B80 /* AquaTabClose_Front.png in Resources */,
				26F2AE751212992400458B80 /* AquaTabClose_Front_Pressed.png in Resources */,
				26F2AE761212992400458B80 /* AquaTabClose_Front_Rollover.png in Resources */,
				26F2AE771212992400458B80 /* AquaTabCloseDirty_Front.png in Resources */,
				26F2AE781212992400458B80 /* AquaTabCloseDirty_Front_Pressed.png in Resources */,
				26F2AE791212992400458B80 /* AquaTabCloseDirty_Front_Rollover.png in Resources */,
				26F2AE7A1212992400458B80 /* AquaTabNew.png in Resources */,
				26F2AE7B1212992400458B80 /* AquaTabNewPressed.png in Resources */,
				26F2AE7C1212992400458B80 /* AquaTabNewRollover.png in Resources */,
				26F2AE7D1212992400458B80 /* AquaTabsBackground.png in Resources */,
				26F2AE7E1212992400458B80 /* AquaTabsDown.png in Resources */,
				26F2AE7F1212992400458B80 /* AquaTabsDownGraphite.png in Resources */,
				26F2AE801212992400458B80 /* AquaTabsDownNonKey.png in Resources */,
				26F2AE811212992400458B80 /* AquaTabsSeparator.png in Resources */,
				26F2AE821212992400458B80 /* AquaTabsSeparatorDown.png in Resources */,
				26F2AE831212992400458B80 /* overflowImage.png in Resources */,
				26F2AE841212992400458B80 /* overflowImagePressed.png in Resources */,
				26F2AE851212992400458B80 /* pi.png in Resources */,
				26F2AE861212992400458B80 /* TabClose_Dirty.png in Resources */,
				26F2AE871212992400458B80 /* TabClose_Dirty_Pressed.png in Resources */,
				26F2AE881212992400458B80 /* TabClose_Dirty_Rollover.png in Resources */,
				26F2AE891212992400458B80 /* TabClose_Front.png in Resources */,
				26F2AE8A1212992400458B80 /* TabClose_Front_Pressed.png in Resources */,
				26F2AE8B1212992400458B80 /* TabClose_Front_Rollover.png in Resources */,
				26F2AE8C1212992400458B80 /* TabNewMetal.png in Resources */,
				26F2AE8D1212992400458B80 /* TabNewMetalPressed.png in Resources */,
				26F2AE8E1212992400458B80 /* TabNewMetalRollover.png in Resources */,
				26F2B1051212A4A500458B80 /* ServerWindow.xib in Resources */,
				26F2B20C1212C2ED00458B80 /* SieveScriptView.xib in Resources */,
				26F2B50B1213000200458B80 /* OpenURLWindow.xib in Resources */,
				266D7C8D121C14E900DFA1F4 /* SaveToServerPanel.xib in Resources */,
				26458EE4121D73EC0067CE01 /* PasswordWindow.xib in Resources */,
			);
			runOnlyForDeploymentPostprocessing = 0;
		};
/* End PBXResourcesBuildPhase section */

/* Begin PBXShellScriptBuildPhase section */
		266B56D7123110E400D0741F /* ShellScript */ = {
			isa = PBXShellScriptBuildPhase;
			buildActionMask = 2147483647;
			files = (
			);
			inputPaths = (
			);
			outputPaths = (
			);
			runOnlyForDeploymentPostprocessing = 0;
			shellPath = /bin/sh;
			shellScript = "# Run the unit tests in this test bundle.\n\"${SYSTEM_DEVELOPER_DIR}/Tools/RunUnitTests\"\n";
		};
		266B57191231162B00D0741F /* ShellScript */ = {
			isa = PBXShellScriptBuildPhase;
			buildActionMask = 2147483647;
			files = (
			);
			inputPaths = (
			);
			outputPaths = (
			);
			runOnlyForDeploymentPostprocessing = 0;
			shellPath = /bin/sh;
			shellScript = "#  Build the doxygen documentation for the project and load the docset into Xcode.\n\n#  Use the following to adjust the value of the $DOXYGEN_PATH User-Defined Setting:\n#    Binary install location: /Applications/Doxygen.app/Contents/Resources/doxygen\n#    Source build install location: /usr/local/bin/doxygen\n\n#  If the config file doesn't exist, run 'doxygen -g $SOURCE_ROOT/doxygen.config' to \n#   a get default file.\n\nif ! [ -f $SOURCE_ROOT/doxygen.config ] \nthen \n  echo doxygen config file does not exist\n  $DOXYGEN_PATH -g $SOURCE_ROOT/doxygen.config\nfi\n\n#  Append the proper input/output directories and docset info to the config file.\n#  This works even though values are assigned higher up in the file. Easier than sed.\n\ncp \"$SOURCE_ROOT/doxygen.config\" \"$TEMP_DIR/doxygen.config\"\n\necho \"INPUT = $SOURCE_ROOT/Source\" >> $TEMP_DIR/doxygen.config\necho \"OUTPUT_DIRECTORY = $SOURCE_ROOT/DoxygenDocs.docset\" >> $TEMP_DIR/doxygen.config\necho \"GENERATE_DOCSET        = YES\" >> $TEMP_DIR/doxygen.config\necho \"DOCSET_BUNDLE_ID       = com.mycompany.Sieve\" >> $TEMP_DIR/doxygen.config\n\n#  Run doxygen on the updated config file.\n#  Note: doxygen creates a Makefile that does most of the heavy lifting.\n\n$DOXYGEN_PATH $TEMP_DIR/doxygen.config\n\n#  make will invoke docsetutil. Take a look at the Makefile to see how this is done.\n\nmake -C $SOURCE_ROOT/DoxygenDocs.docset/html install\n\n#  Construct a temporary applescript file to tell Xcode to load a docset.\n\ncat << EOF | osascript\ntell application \"Xcode\"\nload documentation set with path \"/Users/$USER/Library/Developer/Shared/Documentation/DocSets/\"\nend tell\nEOF\n\nexit 0\n";
			showEnvVarsInLog = 0;
		};
/* End PBXShellScriptBuildPhase section */

/* Begin PBXSourcesBuildPhase section */
		266B56D5123110E400D0741F /* Sources */ = {
			isa = PBXSourcesBuildPhase;
			buildActionMask = 2147483647;
			files = (
				266B56DE1231112900D0741F /* SieveTest.m in Sources */,
				266B56E11231113800D0741F /* TestSieveTest.m in Sources */,
			);
			runOnlyForDeploymentPostprocessing = 0;
		};
		8D15AC300486D014006FF6A4 /* Sources */ = {
			isa = PBXSourcesBuildPhase;
			buildActionMask = 2147483647;
			files = (
				26F2AE121212972C00458B80 /* NSBezierPath_AMShading.m in Sources */,
				26F2AE131212972C00458B80 /* NSString_AITruncation.m in Sources */,
				26F2AE141212972C00458B80 /* PSMAdiumTabStyle.m in Sources */,
				26F2AE151212972C00458B80 /* PSMAquaTabStyle.m in Sources */,
				26F2AE161212972C00458B80 /* PSMMetalTabStyle.m in Sources */,
				26F2AE171212972C00458B80 /* PSMOverflowPopUpButton.m in Sources */,
				26F2AE181212972C00458B80 /* PSMProgressIndicator.m in Sources */,
				26F2AE191212972C00458B80 /* PSMRolloverButton.m in Sources */,
				26F2AE1A1212972C00458B80 /* PSMTabBarCell.m in Sources */,
				26F2AE1B1212972C00458B80 /* PSMTabBarControl.m in Sources */,
				26F2AE1C1212972C00458B80 /* PSMTabBarController.m in Sources */,
				26F2AE1D1212972C00458B80 /* PSMTabDragAssistant.m in Sources */,
				26F2AE1E1212972C00458B80 /* PSMTabDragView.m in Sources */,
				26F2AE1F1212972C00458B80 /* PSMTabDragWindow.m in Sources */,
				26F2AE201212972C00458B80 /* PSMTabDragWindowController.m in Sources */,
				26F2AE211212972C00458B80 /* PSMUnifiedTabStyle.m in Sources */,
				26F2B09112129B1D00458B80 /* AsyncSocket.m in Sources */,
				26F2B0AA12129B2600458B80 /* SyntaxHighlighter.m in Sources */,
				26F2B0AB12129B2600458B80 /* main.m in Sources */,
				26F2B0AC12129B2600458B80 /* NSData+Base64Encoding.m in Sources */,
				26F2B0AD12129B2600458B80 /* NSScanner+QuotedString.m in Sources */,
				26F2B0AE12129B2600458B80 /* SaslConn.m in Sources */,
				26F2B0AF12129B2600458B80 /* SieveClient.m in Sources */,
				26F2B0B012129B2600458B80 /* NSScanner+ScannerAdditions.m in Sources */,
				26F2B0B112129B2600458B80 /* SieveParser.m in Sources */,
				26F2B0B212129B2600458B80 /* SieveTest.m in Sources */,
				26F2B0B312129B2600458B80 /* SieveDocument.m in Sources */,
				26F2B0EF1212A02700458B80 /* AppController.m in Sources */,
				26F2B1091212A4EF00458B80 /* ServerWindowController.m in Sources */,
				26F2B1D71212BDFB00458B80 /* SieveDocumentWindowController.m in Sources */,
				26F2B2071212C2B800458B80 /* SieveScriptViewController.m in Sources */,
				26F2B4C01212F73E00458B80 /* ServerScriptDocument.m in Sources */,
				26F2B5111213015800458B80 /* OpenURLController.m in Sources */,
				264084B21213FD61004F42BB /* SieveOperation.m in Sources */,
				266D7C87121C14A700DFA1F4 /* SaveToServerPanelController.m in Sources */,
				26458ED7121D70710067CE01 /* PasswordPanelController.m in Sources */,
				264F95AD121E8C540037167B /* SieveDocumentController.m in Sources */,
				268B28F4121EB0B00046E709 /* ConnectionController.m in Sources */,
				266A9209122CF6CF00FD32A3 /* PSMTabStyleBase.m in Sources */,
			);
			runOnlyForDeploymentPostprocessing = 0;
		};
/* End PBXSourcesBuildPhase section */

/* Begin PBXTargetDependency section */
		266B56F91231138900D0741F /* PBXTargetDependency */ = {
			isa = PBXTargetDependency;
			target = 266B56D8123110E400D0741F /* Tests */;
			targetProxy = 266B56F81231138900D0741F /* PBXContainerItemProxy */;
		};
/* End PBXTargetDependency section */

/* Begin PBXVariantGroup section */
		089C165FFE840EACC02AAC07 /* InfoPlist.strings */ = {
			isa = PBXVariantGroup;
			children = (
				089C1660FE840EACC02AAC07 /* English */,
			);
			name = InfoPlist.strings;
			sourceTree = "<group>";
		};
		1DDD58280DA1D0D100B32029 /* SieveDocument.xib */ = {
			isa = PBXVariantGroup;
			children = (
				1DDD58290DA1D0D100B32029 /* English */,
			);
			name = SieveDocument.xib;
			sourceTree = "<group>";
		};
		1DDD582A0DA1D0D100B32029 /* MainMenu.xib */ = {
			isa = PBXVariantGroup;
			children = (
				1DDD582B0DA1D0D100B32029 /* English */,
			);
			name = MainMenu.xib;
			sourceTree = "<group>";
		};
		26458EE3121D73EC0067CE01 /* PasswordWindow.xib */ = {
			isa = PBXVariantGroup;
			children = (
				26458EE0121D73D40067CE01 /* English */,
			);
			name = PasswordWindow.xib;
			sourceTree = "<group>";
		};
		266D7C8C121C14E900DFA1F4 /* SaveToServerPanel.xib */ = {
			isa = PBXVariantGroup;
			children = (
				266D7C88121C14D700DFA1F4 /* English */,
			);
			name = SaveToServerPanel.xib;
			sourceTree = "<group>";
		};
		26F2B1031212A4A500458B80 /* ServerWindow.xib */ = {
			isa = PBXVariantGroup;
			children = (
				26F2B1041212A4A500458B80 /* English */,
			);
			name = ServerWindow.xib;
			sourceTree = "<group>";
		};
		26F2B20A1212C2ED00458B80 /* SieveScriptView.xib */ = {
			isa = PBXVariantGroup;
			children = (
				26F2B20B1212C2ED00458B80 /* English */,
			);
			name = SieveScriptView.xib;
			sourceTree = "<group>";
		};
		26F2B5091213000200458B80 /* OpenURLWindow.xib */ = {
			isa = PBXVariantGroup;
			children = (
				26F2B50A1213000200458B80 /* English */,
			);
			name = OpenURLWindow.xib;
			sourceTree = "<group>";
		};
/* End PBXVariantGroup section */

/* Begin XCBuildConfiguration section */
		266B56DB123110E500D0741F /* Debug */ = {
			isa = XCBuildConfiguration;
			buildSettings = {
				ALWAYS_SEARCH_USER_PATHS = NO;
				COPY_PHASE_STRIP = NO;
				FRAMEWORK_SEARCH_PATHS = "$(DEVELOPER_LIBRARY_DIR)/Frameworks";
				GCC_DYNAMIC_NO_PIC = NO;
				GCC_ENABLE_FIX_AND_CONTINUE = NO;
				GCC_ENABLE_OBJC_EXCEPTIONS = YES;
				GCC_MODEL_TUNING = G5;
				GCC_OPTIMIZATION_LEVEL = 0;
				GCC_PRECOMPILE_PREFIX_HEADER = YES;
				GCC_PREFIX_HEADER = "$(SYSTEM_LIBRARY_DIR)/Frameworks/Cocoa.framework/Headers/Cocoa.h";
				INFOPLIST_FILE = "Tests-Info.plist";
				INSTALL_PATH = "$(USER_LIBRARY_DIR)/Bundles";
				OTHER_LDFLAGS = (
					"-framework",
					Cocoa,
					"-framework",
					SenTestingKit,
				);
				PREBINDING = NO;
				PRODUCT_NAME = Tests;
				WRAPPER_EXTENSION = octest;
			};
			name = Debug;
		};
		266B56DC123110E500D0741F /* Release */ = {
			isa = XCBuildConfiguration;
			buildSettings = {
				ALWAYS_SEARCH_USER_PATHS = NO;
				COPY_PHASE_STRIP = YES;
				DEBUG_INFORMATION_FORMAT = "dwarf-with-dsym";
				FRAMEWORK_SEARCH_PATHS = "$(DEVELOPER_LIBRARY_DIR)/Frameworks";
				GCC_ENABLE_FIX_AND_CONTINUE = NO;
				GCC_ENABLE_OBJC_EXCEPTIONS = YES;
				GCC_MODEL_TUNING = G5;
				GCC_PRECOMPILE_PREFIX_HEADER = YES;
				GCC_PREFIX_HEADER = "$(SYSTEM_LIBRARY_DIR)/Frameworks/Cocoa.framework/Headers/Cocoa.h";
				INFOPLIST_FILE = "Tests-Info.plist";
				INSTALL_PATH = "$(USER_LIBRARY_DIR)/Bundles";
				OTHER_LDFLAGS = (
					"-framework",
					Cocoa,
					"-framework",
					SenTestingKit,
				);
				PREBINDING = NO;
				PRODUCT_NAME = Tests;
				WRAPPER_EXTENSION = octest;
				ZERO_LINK = NO;
			};
			name = Release;
		};
		266B571B1231162C00D0741F /* Debug */ = {
			isa = XCBuildConfiguration;
			buildSettings = {
				PRODUCT_NAME = "Build Documentation";
			};
			name = Debug;
		};
		266B571C1231162C00D0741F /* Release */ = {
			isa = XCBuildConfiguration;
			buildSettings = {
				COPY_PHASE_STRIP = YES;
				DEBUG_INFORMATION_FORMAT = "dwarf-with-dsym";
				GCC_ENABLE_FIX_AND_CONTINUE = NO;
				PRODUCT_NAME = "Build Documentation";
				ZERO_LINK = NO;
			};
			name = Release;
		};
		C05733C808A9546B00998B17 /* Debug */ = {
			isa = XCBuildConfiguration;
			buildSettings = {
				ALWAYS_SEARCH_USER_PATHS = NO;
				COPY_PHASE_STRIP = NO;
				GCC_DYNAMIC_NO_PIC = NO;
				GCC_ENABLE_FIX_AND_CONTINUE = YES;
				GCC_MODEL_TUNING = G5;
				GCC_OPTIMIZATION_LEVEL = 0;
				GCC_PRECOMPILE_PREFIX_HEADER = YES;
				GCC_PREFIX_HEADER = Source/Sieve_Prefix.pch;
				INFOPLIST_FILE = "Sieve-Info.plist";
				INSTALL_PATH = "$(HOME)/Applications";
				PRODUCT_NAME = Sieve;
			};
			name = Debug;
		};
		C05733C908A9546B00998B17 /* Release */ = {
			isa = XCBuildConfiguration;
			buildSettings = {
				ALWAYS_SEARCH_USER_PATHS = NO;
				CODE_SIGN_IDENTITY = "Sieve Code Signing Cert";
				DEBUG_INFORMATION_FORMAT = "dwarf-with-dsym";
				GCC_MODEL_TUNING = G5;
				GCC_PRECOMPILE_PREFIX_HEADER = YES;
				GCC_PREFIX_HEADER = Source/Sieve_Prefix.pch;
				INFOPLIST_FILE = "Sieve-Info.plist";
				INSTALL_PATH = "$(HOME)/Applications";
				PRODUCT_NAME = Sieve;
			};
			name = Release;
		};
		C05733CC08A9546B00998B17 /* Debug */ = {
			isa = XCBuildConfiguration;
			buildSettings = {
				ARCHS = "$(ARCHS_STANDARD_32_64_BIT)";
				DOXYGEN_PATH = /Applications/Doxygen.app/Contents/Resources/doxygen;
				GCC_C_LANGUAGE_STANDARD = gnu99;
				GCC_OPTIMIZATION_LEVEL = 0;
				GCC_VERSION = com.apple.compilers.llvm.clang.1_0;
				GCC_WARN_ABOUT_RETURN_TYPE = YES;
				GCC_WARN_UNUSED_VARIABLE = YES;
				ONLY_ACTIVE_ARCH = YES;
				PREBINDING = NO;
				SDKROOT = macosx10.6;
			};
			name = Debug;
		};
		C05733CD08A9546B00998B17 /* Release */ = {
			isa = XCBuildConfiguration;
			buildSettings = {
				ARCHS = "$(ARCHS_STANDARD_32_64_BIT)";
				DOXYGEN_PATH = /Applications/Doxygen.app/Contents/Resources/doxygen;
				GCC_C_LANGUAGE_STANDARD = gnu99;
				GCC_VERSION = com.apple.compilers.llvm.clang.1_0;
				GCC_WARN_ABOUT_RETURN_TYPE = YES;
				GCC_WARN_UNUSED_VARIABLE = YES;
				LLVM_LTO = YES;
				PREBINDING = NO;
				SDKROOT = macosx10.6;
			};
			name = Release;
		};
/* End XCBuildConfiguration section */

/* Begin XCConfigurationList section */
		266B56DD123110E500D0741F /* Build configuration list for PBXNativeTarget "Tests" */ = {
			isa = XCConfigurationList;
			buildConfigurations = (
				266B56DB123110E500D0741F /* Debug */,
				266B56DC123110E500D0741F /* Release */,
			);
			defaultConfigurationIsVisible = 0;
			defaultConfigurationName = Release;
		};
		266B571F1231166C00D0741F /* Build configuration list for PBXAggregateTarget "Documentation" */ = {
			isa = XCConfigurationList;
			buildConfigurations = (
				266B571B1231162C00D0741F /* Debug */,
				266B571C1231162C00D0741F /* Release */,
			);
			defaultConfigurationIsVisible = 0;
			defaultConfigurationName = Release;
		};
		C05733C708A9546B00998B17 /* Build configuration list for PBXNativeTarget "Sieve" */ = {
			isa = XCConfigurationList;
			buildConfigurations = (
				C05733C808A9546B00998B17 /* Debug */,
				C05733C908A9546B00998B17 /* Release */,
			);
			defaultConfigurationIsVisible = 0;
			defaultConfigurationName = Release;
		};
		C05733CB08A9546B00998B17 /* Build configuration list for PBXProject "Sieve" */ = {
			isa = XCConfigurationList;
			buildConfigurations = (
				C05733CC08A9546B00998B17 /* Debug */,
				C05733CD08A9546B00998B17 /* Release */,
			);
			defaultConfigurationIsVisible = 0;
			defaultConfigurationName = Release;
		};
/* End XCConfigurationList section */
	};
	rootObject = 2A37F4A9FDCFA73011CA2CEA /* Project object */;
}
